
Microsoft Visual Studio Solution File, Format Version 12.00
# Visual Studio 15
VisualStudioVersion = 15.0.28307.1300
MinimumVisualStudioVersion = 10.0.40219.1
Project("{FAE04EC0-301F-11D3-BF4B-00C04F79EFBC}") = "GUI_SmartParking", "SmartParking\GUI_SmartParking.csproj", "{7909DB16-44D3-4517-B6A2-5E3CE66D0B1B}"
EndProject
Project("{FAE04EC0-301F-11D3-BF4B-00C04F79EFBC}") = "BUS_SmartParking", "BUS_SmartParking\BUS_SmartParking.csproj", "{D45212BC-5658-427B-BBF1-2DCE1E57921E}"
EndProject
Project("{FAE04EC0-301F-11D3-BF4B-00C04F79EFBC}") = "DAL_SmartParking", "DAL_SmartParking\DAL_SmartParking.csproj", "{AEB00B4A-8343-4C9C-ABA1-A55A3263D1C2}"
EndProject
Project("{FAE04EC0-301F-11D3-BF4B-00C04F79EFBC}") = "DTO__SmartParking", "DTO__SmartParking\DTO__SmartParking.csproj", "{8877E765-D96C-4F34-BCB4-3F1DD445FFCD}"
EndProject
Global
	GlobalSection(SolutionConfigurationPlatforms) = preSolution
		Debug|Any CPU = Debug|Any CPU
		Release|Any CPU = Release|Any CPU
	EndGlobalSection
	GlobalSection(ProjectConfigurationPlatforms) = postSolution
		{7909DB16-44D3-4517-B6A2-5E3CE66D0B1B}.Debug|Any CPU.ActiveCfg = Debug|Any CPU
		{7909DB16-44D3-4517-B6A2-5E3CE66D0B1B}.Debug|Any CPU.Build.0 = Debug|Any CPU
		{7909DB16-44D3-4517-B6A2-5E3CE66D0B1B}.Release|Any CPU.ActiveCfg = Release|Any CPU
		{7909DB16-44D3-4517-B6A2-5E3CE66D0B1B}.Release|Any CPU.Build.0 = Release|Any CPU
		{D45212BC-5658-427B-BBF1-2DCE1E57921E}.Debug|Any CPU.ActiveCfg = Debug|Any CPU
		{D45212BC-5658-427B-BBF1-2DCE1E57921E}.Debug|Any CPU.Build.0 = Debug|Any CPU
		{D45212BC-5658-427B-BBF1-2DCE1E57921E}.Release|Any CPU.ActiveCfg = Release|Any CPU
		{D45212BC-5658-427B-BBF1-2DCE1E57921E}.Release|Any CPU.Build.0 = Release|Any CPU
		{AEB00B4A-8343-4C9C-ABA1-A55A3263D1C2}.Debug|Any CPU.ActiveCfg = Debug|Any CPU
		{AEB00B4A-8343-4C9C-ABA1-A55A3263D1C2}.Debug|Any CPU.Build.0 = Debug|Any CPU
		{AEB00B4A-8343-4C9C-ABA1-A55A3263D1C2}.Release|Any CPU.ActiveCfg = Release|Any CPU
		{AEB00B4A-8343-4C9C-ABA1-A55A3263D1C2}.Release|Any CPU.Build.0 = Release|Any CPU
		{8877E765-D96C-4F34-BCB4-3F1DD445FFCD}.Debug|Any CPU.ActiveCfg = Debug|Any CPU
		{8877E765-D96C-4F34-BCB4-3F1DD445FFCD}.Debug|Any CPU.Build.0 = Debug|Any CPU
		{8877E765-D96C-4F34-BCB4-3F1DD445FFCD}.Release|Any CPU.ActiveCfg = Release|Any CPU
		{8877E765-D96C-4F34-BCB4-3F1DD445FFCD}.Release|Any CPU.Build.0 = Release|Any CPU
	EndGlobalSection
	GlobalSection(SolutionProperties) = preSolution
		HideSolutionNode = FALSE
	EndGlobalSection
	GlobalSection(ExtensibilityGlobals) = postSolution
		SolutionGuid = {1205B976-DBF6-4E0D-9456-3473F53F3B18}
	EndGlobalSection
EndGlobal
